
Microsoft Visual Studio Solution File, Format Version 12.00
# Visual Studio Version 17
VisualStudioVersion = 17.11.35208.52
MinimumVisualStudioVersion = 10.0.40219.1
Project("{2150E333-8FDC-42A3-9474-1A3956D46DE8}") = "Strategy", "Strategy", "{CDECF083-9471-4DD9-8C31-E60C86015DCE}"
EndProject
Project("{9A19103F-16F7-4668-BE54-9A1E7A4F7556}") = "Discounts", "Discounts\Discounts.csproj", "{4A54BE02-267D-4D3A-9D87-FF4DF7922B56}"
EndProject
Project("{9A19103F-16F7-4668-BE54-9A1E7A4F7556}") = "DiscountTests", "DiscountTests\DiscountTests.csproj", "{C65780D0-5578-486A-BFB9-B535FFC04903}"
EndProject
Project("{9A19103F-16F7-4668-BE54-9A1E7A4F7556}") = "RTSNotifications", "RTSNotifications\RTSNotifications.csproj", "{04ADF7F1-CC04-4AFF-98B7-D03A4BB92BD2}"
EndProject
Project("{9A19103F-16F7-4668-BE54-9A1E7A4F7556}") = "RTSNotificationsTests", "RTSNotificationsTests\RTSNotificationsTests.csproj", "{46B57E7C-C354-4E66-8EB8-D46BA8DB2279}"
EndProject
Project("{2150E333-8FDC-42A3-9474-1A3956D46DE8}") = "Observer", "Observer", "{A7AC534A-1B98-4DD8-A087-A3E90E0CEA64}"
EndProject
Project("{2150E333-8FDC-42A3-9474-1A3956D46DE8}") = "Decorator", "Decorator", "{B112D900-EEDE-46D1-9BF4-53F42A87DED7}"
EndProject
Project("{9A19103F-16F7-4668-BE54-9A1E7A4F7556}") = "UserPermissions", "UserPermissions\UserPermissions.csproj", "{28B902AE-9E0E-4690-9EB5-6375305C4126}"
EndProject
Project("{9A19103F-16F7-4668-BE54-9A1E7A4F7556}") = "UserPermissionsTests", "UserPermissionsTests\UserPermissionsTests.csproj", "{247296AE-86B3-4058-8919-76CC20DD8755}"
EndProject
Project("{2150E333-8FDC-42A3-9474-1A3956D46DE8}") = "Creational", "Creational", "{81EB016C-00F9-4C73-9E31-DC9B11503A75}"
EndProject
Project("{2150E333-8FDC-42A3-9474-1A3956D46DE8}") = "Structral", "Structral", "{2D1777E2-3DE6-478B-B425-F37D84D20A40}"
EndProject
Project("{2150E333-8FDC-42A3-9474-1A3956D46DE8}") = "Behavioral", "Behavioral", "{86AAF1A3-F2E3-4049-8FDC-781A4F3AD06E}"
EndProject
Project("{2150E333-8FDC-42A3-9474-1A3956D46DE8}") = "Factory", "Factory", "{53DCAFD9-C2C5-4C3F-B474-1BD5A5449945}"
EndProject
Project("{FAE04EC0-301F-11D3-BF4B-00C04F79EFBC}") = "DocumentGenerator", "DocumentGenerator\DocumentGenerator.csproj", "{C44972D5-1317-40B8-A9BE-1CB39E0C9722}"
EndProject
Project("{FAE04EC0-301F-11D3-BF4B-00C04F79EFBC}") = "DocumentGeneratorTests", "DocumentGeneratorTests\DocumentGeneratorTests.csproj", "{7140CD7F-5707-49D2-A2EC-3221C6203FF8}"
EndProject
Global
	GlobalSection(SolutionConfigurationPlatforms) = preSolution
		Debug|Any CPU = Debug|Any CPU
		Release|Any CPU = Release|Any CPU
	EndGlobalSection
	GlobalSection(ProjectConfigurationPlatforms) = postSolution
		{4A54BE02-267D-4D3A-9D87-FF4DF7922B56}.Debug|Any CPU.ActiveCfg = Debug|Any CPU
		{4A54BE02-267D-4D3A-9D87-FF4DF7922B56}.Debug|Any CPU.Build.0 = Debug|Any CPU
		{4A54BE02-267D-4D3A-9D87-FF4DF7922B56}.Release|Any CPU.ActiveCfg = Release|Any CPU
		{4A54BE02-267D-4D3A-9D87-FF4DF7922B56}.Release|Any CPU.Build.0 = Release|Any CPU
		{C65780D0-5578-486A-BFB9-B535FFC04903}.Debug|Any CPU.ActiveCfg = Debug|Any CPU
		{C65780D0-5578-486A-BFB9-B535FFC04903}.Debug|Any CPU.Build.0 = Debug|Any CPU
		{C65780D0-5578-486A-BFB9-B535FFC04903}.Release|Any CPU.ActiveCfg = Release|Any CPU
		{C65780D0-5578-486A-BFB9-B535FFC04903}.Release|Any CPU.Build.0 = Release|Any CPU
		{04ADF7F1-CC04-4AFF-98B7-D03A4BB92BD2}.Debug|Any CPU.ActiveCfg = Debug|Any CPU
		{04ADF7F1-CC04-4AFF-98B7-D03A4BB92BD2}.Debug|Any CPU.Build.0 = Debug|Any CPU
		{04ADF7F1-CC04-4AFF-98B7-D03A4BB92BD2}.Release|Any CPU.ActiveCfg = Release|Any CPU
		{04ADF7F1-CC04-4AFF-98B7-D03A4BB92BD2}.Release|Any CPU.Build.0 = Release|Any CPU
		{46B57E7C-C354-4E66-8EB8-D46BA8DB2279}.Debug|Any CPU.ActiveCfg = Debug|Any CPU
		{46B57E7C-C354-4E66-8EB8-D46BA8DB2279}.Debug|Any CPU.Build.0 = Debug|Any CPU
		{46B57E7C-C354-4E66-8EB8-D46BA8DB2279}.Release|Any CPU.ActiveCfg = Release|Any CPU
		{46B57E7C-C354-4E66-8EB8-D46BA8DB2279}.Release|Any CPU.Build.0 = Release|Any CPU
		{28B902AE-9E0E-4690-9EB5-6375305C4126}.Debug|Any CPU.ActiveCfg = Debug|Any CPU
		{28B902AE-9E0E-4690-9EB5-6375305C4126}.Debug|Any CPU.Build.0 = Debug|Any CPU
		{28B902AE-9E0E-4690-9EB5-6375305C4126}.Release|Any CPU.ActiveCfg = Release|Any CPU
		{28B902AE-9E0E-4690-9EB5-6375305C4126}.Release|Any CPU.Build.0 = Release|Any CPU
		{247296AE-86B3-4058-8919-76CC20DD8755}.Debug|Any CPU.ActiveCfg = Debug|Any CPU
		{247296AE-86B3-4058-8919-76CC20DD8755}.Debug|Any CPU.Build.0 = Debug|Any CPU
		{247296AE-86B3-4058-8919-76CC20DD8755}.Release|Any CPU.ActiveCfg = Release|Any CPU
		{247296AE-86B3-4058-8919-76CC20DD8755}.Release|Any CPU.Build.0 = Release|Any CPU
		{C44972D5-1317-40B8-A9BE-1CB39E0C9722}.Debug|Any CPU.ActiveCfg = Debug|Any CPU
		{C44972D5-1317-40B8-A9BE-1CB39E0C9722}.Debug|Any CPU.Build.0 = Debug|Any CPU
		{C44972D5-1317-40B8-A9BE-1CB39E0C9722}.Release|Any CPU.ActiveCfg = Release|Any CPU
		{C44972D5-1317-40B8-A9BE-1CB39E0C9722}.Release|Any CPU.Build.0 = Release|Any CPU
		{7140CD7F-5707-49D2-A2EC-3221C6203FF8}.Debug|Any CPU.ActiveCfg = Debug|Any CPU
		{7140CD7F-5707-49D2-A2EC-3221C6203FF8}.Debug|Any CPU.Build.0 = Debug|Any CPU
		{7140CD7F-5707-49D2-A2EC-3221C6203FF8}.Release|Any CPU.ActiveCfg = Release|Any CPU
		{7140CD7F-5707-49D2-A2EC-3221C6203FF8}.Release|Any CPU.Build.0 = Release|Any CPU
	EndGlobalSection
	GlobalSection(SolutionProperties) = preSolution
		HideSolutionNode = FALSE
	EndGlobalSection
	GlobalSection(NestedProjects) = preSolution
		{CDECF083-9471-4DD9-8C31-E60C86015DCE} = {86AAF1A3-F2E3-4049-8FDC-781A4F3AD06E}
		{4A54BE02-267D-4D3A-9D87-FF4DF7922B56} = {CDECF083-9471-4DD9-8C31-E60C86015DCE}
		{C65780D0-5578-486A-BFB9-B535FFC04903} = {CDECF083-9471-4DD9-8C31-E60C86015DCE}
		{04ADF7F1-CC04-4AFF-98B7-D03A4BB92BD2} = {A7AC534A-1B98-4DD8-A087-A3E90E0CEA64}
		{46B57E7C-C354-4E66-8EB8-D46BA8DB2279} = {A7AC534A-1B98-4DD8-A087-A3E90E0CEA64}
		{A7AC534A-1B98-4DD8-A087-A3E90E0CEA64} = {86AAF1A3-F2E3-4049-8FDC-781A4F3AD06E}
		{B112D900-EEDE-46D1-9BF4-53F42A87DED7} = {2D1777E2-3DE6-478B-B425-F37D84D20A40}
		{28B902AE-9E0E-4690-9EB5-6375305C4126} = {B112D900-EEDE-46D1-9BF4-53F42A87DED7}
		{247296AE-86B3-4058-8919-76CC20DD8755} = {B112D900-EEDE-46D1-9BF4-53F42A87DED7}
		{53DCAFD9-C2C5-4C3F-B474-1BD5A5449945} = {81EB016C-00F9-4C73-9E31-DC9B11503A75}
		{C44972D5-1317-40B8-A9BE-1CB39E0C9722} = {53DCAFD9-C2C5-4C3F-B474-1BD5A5449945}
		{7140CD7F-5707-49D2-A2EC-3221C6203FF8} = {53DCAFD9-C2C5-4C3F-B474-1BD5A5449945}
	EndGlobalSection
	GlobalSection(ExtensibilityGlobals) = postSolution
		SolutionGuid = {1A4F0941-0389-4A3F-BE6B-E4F1D313F4E4}
	EndGlobalSection
EndGlobal
